
Microsoft Visual Studio Solution File, Format Version 12.00
# Visual Studio 2013
VisualStudioVersion = 12.0.30110.0
MinimumVisualStudioVersion = 10.0.40219.1
Project("{FAE04EC0-301F-11D3-BF4B-00C04F79EFBC}") = "Anthologizer", "Anthologizer\Anthologizer.csproj", "{05BEE01F-77AE-42D5-A98C-3CAFC7869BFE}"
EndProject
Project("{FAE04EC0-301F-11D3-BF4B-00C04F79EFBC}") = "AnthologizerClient", "AnthologizerClient\AnthologizerClient.csproj", "{B49B9BAB-8EB1-4156-98FF-0FE8C665759C}"
	ProjectSection(ProjectDependencies) = postProject
		{05BEE01F-77AE-42D5-A98C-3CAFC7869BFE} = {05BEE01F-77AE-42D5-A98C-3CAFC7869BFE}
	EndProjectSection
EndProject
Project("{FAE04EC0-301F-11D3-BF4B-00C04F79EFBC}") = "Media", "Media\Media.csproj", "{B62D8E9F-A943-459E-9402-026E8DE2BE7C}"
EndProject
Project("{FAE04EC0-301F-11D3-BF4B-00C04F79EFBC}") = "zPlayerLib", "zPlayerLib\zPlayerLib.csproj", "{7F9DE5E2-9EC2-4E8C-9920-D0AE1AFAAD49}"
EndProject
Project("{6141683F-8A12-4E36-9623-2EB02B2C2303}") = "AnthologizerServiceSetup", "AnthologizerServiceSetup\AnthologizerServiceSetup.isproj", "{6C56BAC7-5DFF-4D64-8375-BAEF2DF95763}"
	ProjectSection(ProjectDependencies) = postProject
		{230EBA33-46BE-4CCE-A98D-C49A99C5DE17} = {230EBA33-46BE-4CCE-A98D-C49A99C5DE17}
	EndProjectSection
EndProject
Project("{FAE04EC0-301F-11D3-BF4B-00C04F79EFBC}") = "MediaDB", "MediaData\MediaDB.csproj", "{99CC83D2-DB85-4FE7-8F43-8BBE1E7B5DE0}"
EndProject
Project("{6141683F-8A12-4E36-9623-2EB02B2C2303}") = "AnthologizerClientSetup", "AnthologizerClientSetup\AnthologizerClientSetup.isproj", "{3FEB9296-7E6A-4D0B-B889-A259E3C1EE1D}"
	ProjectSection(ProjectDependencies) = postProject
		{B62D8E9F-A943-459E-9402-026E8DE2BE7C} = {B62D8E9F-A943-459E-9402-026E8DE2BE7C}
		{B49B9BAB-8EB1-4156-98FF-0FE8C665759C} = {B49B9BAB-8EB1-4156-98FF-0FE8C665759C}
		{7F9DE5E2-9EC2-4E8C-9920-D0AE1AFAAD49} = {7F9DE5E2-9EC2-4E8C-9920-D0AE1AFAAD49}
	EndProjectSection
EndProject
Project("{FAE04EC0-301F-11D3-BF4B-00C04F79EFBC}") = "AnthologizerIndexerLib", "AnthologizerIndexerLib\AnthologizerIndexerLib.csproj", "{C864C1E7-AD3C-42C3-90E2-EAA080129375}"
EndProject
Project("{FAE04EC0-301F-11D3-BF4B-00C04F79EFBC}") = "AnthologizerIndexerGUI", "AnthologizerIndexerGUI\AnthologizerIndexerGUI.csproj", "{3D29239D-F2A1-4478-81E9-17BEFF1CCA91}"
EndProject
Project("{6141683F-8A12-4E36-9623-2EB02B2C2303}") = "AnthologizerIndexerSetup", "AnthologizerIndexerSetup\AnthologizerIndexerSetup.isproj", "{ED424F01-7551-49A1-90FD-1F96DD4E4C0F}"
	ProjectSection(ProjectDependencies) = postProject
		{3D29239D-F2A1-4478-81E9-17BEFF1CCA91} = {3D29239D-F2A1-4478-81E9-17BEFF1CCA91}
		{B62D8E9F-A943-459E-9402-026E8DE2BE7C} = {B62D8E9F-A943-459E-9402-026E8DE2BE7C}
		{99CC83D2-DB85-4FE7-8F43-8BBE1E7B5DE0} = {99CC83D2-DB85-4FE7-8F43-8BBE1E7B5DE0}
		{C864C1E7-AD3C-42C3-90E2-EAA080129375} = {C864C1E7-AD3C-42C3-90E2-EAA080129375}
	EndProjectSection
EndProject
Project("{FAE04EC0-301F-11D3-BF4B-00C04F79EFBC}") = "LINQAssist", "LINQAssist\LINQAssist.csproj", "{027C91A0-2E9F-421E-ACBF-BD9CE6DA3209}"
EndProject
Project("{FAE04EC0-301F-11D3-BF4B-00C04F79EFBC}") = "LRUCacheLib", "LRUCache\LRUCacheLib.csproj", "{230EBA33-46BE-4CCE-A98D-C49A99C5DE17}"
EndProject
Project("{FAE04EC0-301F-11D3-BF4B-00C04F79EFBC}") = "Regex", "Regex\Regex.csproj", "{C5A04C46-909F-482A-B784-6E9170F1C37D}"
EndProject
Project("{FAE04EC0-301F-11D3-BF4B-00C04F79EFBC}") = "RegexTest", "RegexTest\RegexTest.csproj", "{9C792B40-76C2-41C0-8E14-A3C3A8560455}"
EndProject
Project("{FAE04EC0-301F-11D3-BF4B-00C04F79EFBC}") = "FileCacheLib", "FileCacheLib\FileCacheLib.csproj", "{96AF88D2-5C6C-48E0-88B5-D8D7EA77CFE8}"
EndProject
Project("{FAE04EC0-301F-11D3-BF4B-00C04F79EFBC}") = "AnthologizerTest", "AnthologizerTest\AnthologizerTest.csproj", "{6232FE9D-C8C9-4346-9D60-541560371578}"
EndProject
Global
	GlobalSection(SolutionConfigurationPlatforms) = preSolution
		CD_ROM|Any CPU = CD_ROM|Any CPU
		Debug|Any CPU = Debug|Any CPU
		DVD-5|Any CPU = DVD-5|Any CPU
		Release|Any CPU = Release|Any CPU
		SingleImage|Any CPU = SingleImage|Any CPU
	EndGlobalSection
	GlobalSection(ProjectConfigurationPlatforms) = postSolution
		{05BEE01F-77AE-42D5-A98C-3CAFC7869BFE}.CD_ROM|Any CPU.ActiveCfg = Release|Any CPU
		{05BEE01F-77AE-42D5-A98C-3CAFC7869BFE}.CD_ROM|Any CPU.Build.0 = Release|Any CPU
		{05BEE01F-77AE-42D5-A98C-3CAFC7869BFE}.Debug|Any CPU.ActiveCfg = Debug|Any CPU
		{05BEE01F-77AE-42D5-A98C-3CAFC7869BFE}.Debug|Any CPU.Build.0 = Debug|Any CPU
		{05BEE01F-77AE-42D5-A98C-3CAFC7869BFE}.DVD-5|Any CPU.ActiveCfg = Debug|Any CPU
		{05BEE01F-77AE-42D5-A98C-3CAFC7869BFE}.DVD-5|Any CPU.Build.0 = Debug|Any CPU
		{05BEE01F-77AE-42D5-A98C-3CAFC7869BFE}.Release|Any CPU.ActiveCfg = Release|Any CPU
		{05BEE01F-77AE-42D5-A98C-3CAFC7869BFE}.Release|Any CPU.Build.0 = Release|Any CPU
		{05BEE01F-77AE-42D5-A98C-3CAFC7869BFE}.SingleImage|Any CPU.ActiveCfg = Release|Any CPU
		{05BEE01F-77AE-42D5-A98C-3CAFC7869BFE}.SingleImage|Any CPU.Build.0 = Release|Any CPU
		{B49B9BAB-8EB1-4156-98FF-0FE8C665759C}.CD_ROM|Any CPU.ActiveCfg = Release|Any CPU
		{B49B9BAB-8EB1-4156-98FF-0FE8C665759C}.CD_ROM|Any CPU.Build.0 = Release|Any CPU
		{B49B9BAB-8EB1-4156-98FF-0FE8C665759C}.Debug|Any CPU.ActiveCfg = Debug|Any CPU
		{B49B9BAB-8EB1-4156-98FF-0FE8C665759C}.Debug|Any CPU.Build.0 = Debug|Any CPU
		{B49B9BAB-8EB1-4156-98FF-0FE8C665759C}.DVD-5|Any CPU.ActiveCfg = Debug|Any CPU
		{B49B9BAB-8EB1-4156-98FF-0FE8C665759C}.DVD-5|Any CPU.Build.0 = Debug|Any CPU
		{B49B9BAB-8EB1-4156-98FF-0FE8C665759C}.Release|Any CPU.ActiveCfg = Release|Any CPU
		{B49B9BAB-8EB1-4156-98FF-0FE8C665759C}.Release|Any CPU.Build.0 = Release|Any CPU
		{B49B9BAB-8EB1-4156-98FF-0FE8C665759C}.SingleImage|Any CPU.ActiveCfg = Release|Any CPU
		{B49B9BAB-8EB1-4156-98FF-0FE8C665759C}.SingleImage|Any CPU.Build.0 = Release|Any CPU
		{B62D8E9F-A943-459E-9402-026E8DE2BE7C}.CD_ROM|Any CPU.ActiveCfg = Release|Any CPU
		{B62D8E9F-A943-459E-9402-026E8DE2BE7C}.CD_ROM|Any CPU.Build.0 = Release|Any CPU
		{B62D8E9F-A943-459E-9402-026E8DE2BE7C}.Debug|Any CPU.ActiveCfg = Debug|Any CPU
		{B62D8E9F-A943-459E-9402-026E8DE2BE7C}.Debug|Any CPU.Build.0 = Debug|Any CPU
		{B62D8E9F-A943-459E-9402-026E8DE2BE7C}.DVD-5|Any CPU.ActiveCfg = Debug|Any CPU
		{B62D8E9F-A943-459E-9402-026E8DE2BE7C}.DVD-5|Any CPU.Build.0 = Debug|Any CPU
		{B62D8E9F-A943-459E-9402-026E8DE2BE7C}.Release|Any CPU.ActiveCfg = Release|Any CPU
		{B62D8E9F-A943-459E-9402-026E8DE2BE7C}.Release|Any CPU.Build.0 = Release|Any CPU
		{B62D8E9F-A943-459E-9402-026E8DE2BE7C}.SingleImage|Any CPU.ActiveCfg = Release|Any CPU
		{B62D8E9F-A943-459E-9402-026E8DE2BE7C}.SingleImage|Any CPU.Build.0 = Release|Any CPU
		{7F9DE5E2-9EC2-4E8C-9920-D0AE1AFAAD49}.CD_ROM|Any CPU.ActiveCfg = Release|Any CPU
		{7F9DE5E2-9EC2-4E8C-9920-D0AE1AFAAD49}.CD_ROM|Any CPU.Build.0 = Release|Any CPU
		{7F9DE5E2-9EC2-4E8C-9920-D0AE1AFAAD49}.Debug|Any CPU.ActiveCfg = Debug|Any CPU
		{7F9DE5E2-9EC2-4E8C-9920-D0AE1AFAAD49}.Debug|Any CPU.Build.0 = Debug|Any CPU
		{7F9DE5E2-9EC2-4E8C-9920-D0AE1AFAAD49}.DVD-5|Any CPU.ActiveCfg = Debug|Any CPU
		{7F9DE5E2-9EC2-4E8C-9920-D0AE1AFAAD49}.DVD-5|Any CPU.Build.0 = Debug|Any CPU
		{7F9DE5E2-9EC2-4E8C-9920-D0AE1AFAAD49}.Release|Any CPU.ActiveCfg = Release|Any CPU
		{7F9DE5E2-9EC2-4E8C-9920-D0AE1AFAAD49}.Release|Any CPU.Build.0 = Release|Any CPU
		{7F9DE5E2-9EC2-4E8C-9920-D0AE1AFAAD49}.SingleImage|Any CPU.ActiveCfg = Release|Any CPU
		{7F9DE5E2-9EC2-4E8C-9920-D0AE1AFAAD49}.SingleImage|Any CPU.Build.0 = Release|Any CPU
		{6C56BAC7-5DFF-4D64-8375-BAEF2DF95763}.CD_ROM|Any CPU.ActiveCfg = CD_ROM
		{6C56BAC7-5DFF-4D64-8375-BAEF2DF95763}.CD_ROM|Any CPU.Build.0 = CD_ROM
		{6C56BAC7-5DFF-4D64-8375-BAEF2DF95763}.Debug|Any CPU.ActiveCfg = SingleImage
		{6C56BAC7-5DFF-4D64-8375-BAEF2DF95763}.DVD-5|Any CPU.ActiveCfg = DVD-5
		{6C56BAC7-5DFF-4D64-8375-BAEF2DF95763}.DVD-5|Any CPU.Build.0 = DVD-5
		{6C56BAC7-5DFF-4D64-8375-BAEF2DF95763}.Release|Any CPU.ActiveCfg = SingleImage
		{6C56BAC7-5DFF-4D64-8375-BAEF2DF95763}.Release|Any CPU.Build.0 = SingleImage
		{6C56BAC7-5DFF-4D64-8375-BAEF2DF95763}.SingleImage|Any CPU.ActiveCfg = SingleImage
		{6C56BAC7-5DFF-4D64-8375-BAEF2DF95763}.SingleImage|Any CPU.Build.0 = SingleImage
		{99CC83D2-DB85-4FE7-8F43-8BBE1E7B5DE0}.CD_ROM|Any CPU.ActiveCfg = Release|Any CPU
		{99CC83D2-DB85-4FE7-8F43-8BBE1E7B5DE0}.CD_ROM|Any CPU.Build.0 = Release|Any CPU
		{99CC83D2-DB85-4FE7-8F43-8BBE1E7B5DE0}.Debug|Any CPU.ActiveCfg = Debug|Any CPU
		{99CC83D2-DB85-4FE7-8F43-8BBE1E7B5DE0}.Debug|Any CPU.Build.0 = Debug|Any CPU
		{99CC83D2-DB85-4FE7-8F43-8BBE1E7B5DE0}.DVD-5|Any CPU.ActiveCfg = Debug|Any CPU
		{99CC83D2-DB85-4FE7-8F43-8BBE1E7B5DE0}.DVD-5|Any CPU.Build.0 = Debug|Any CPU
		{99CC83D2-DB85-4FE7-8F43-8BBE1E7B5DE0}.Release|Any CPU.ActiveCfg = Release|Any CPU
		{99CC83D2-DB85-4FE7-8F43-8BBE1E7B5DE0}.Release|Any CPU.Build.0 = Release|Any CPU
		{99CC83D2-DB85-4FE7-8F43-8BBE1E7B5DE0}.SingleImage|Any CPU.ActiveCfg = Release|Any CPU
		{99CC83D2-DB85-4FE7-8F43-8BBE1E7B5DE0}.SingleImage|Any CPU.Build.0 = Release|Any CPU
		{3FEB9296-7E6A-4D0B-B889-A259E3C1EE1D}.CD_ROM|Any CPU.ActiveCfg = CD_ROM
		{3FEB9296-7E6A-4D0B-B889-A259E3C1EE1D}.CD_ROM|Any CPU.Build.0 = CD_ROM
		{3FEB9296-7E6A-4D0B-B889-A259E3C1EE1D}.Debug|Any CPU.ActiveCfg = DVD-5
		{3FEB9296-7E6A-4D0B-B889-A259E3C1EE1D}.DVD-5|Any CPU.ActiveCfg = DVD-5
		{3FEB9296-7E6A-4D0B-B889-A259E3C1EE1D}.DVD-5|Any CPU.Build.0 = DVD-5
		{3FEB9296-7E6A-4D0B-B889-A259E3C1EE1D}.Release|Any CPU.ActiveCfg = SingleImage
		{3FEB9296-7E6A-4D0B-B889-A259E3C1EE1D}.Release|Any CPU.Build.0 = SingleImage
		{3FEB9296-7E6A-4D0B-B889-A259E3C1EE1D}.SingleImage|Any CPU.ActiveCfg = SingleImage
		{3FEB9296-7E6A-4D0B-B889-A259E3C1EE1D}.SingleImage|Any CPU.Build.0 = SingleImage
		{C864C1E7-AD3C-42C3-90E2-EAA080129375}.CD_ROM|Any CPU.ActiveCfg = Release|Any CPU
		{C864C1E7-AD3C-42C3-90E2-EAA080129375}.CD_ROM|Any CPU.Build.0 = Release|Any CPU
		{C864C1E7-AD3C-42C3-90E2-EAA080129375}.Debug|Any CPU.ActiveCfg = Debug|Any CPU
		{C864C1E7-AD3C-42C3-90E2-EAA080129375}.Debug|Any CPU.Build.0 = Debug|Any CPU
		{C864C1E7-AD3C-42C3-90E2-EAA080129375}.DVD-5|Any CPU.ActiveCfg = Debug|Any CPU
		{C864C1E7-AD3C-42C3-90E2-EAA080129375}.DVD-5|Any CPU.Build.0 = Debug|Any CPU
		{C864C1E7-AD3C-42C3-90E2-EAA080129375}.Release|Any CPU.ActiveCfg = Release|Any CPU
		{C864C1E7-AD3C-42C3-90E2-EAA080129375}.Release|Any CPU.Build.0 = Release|Any CPU
		{C864C1E7-AD3C-42C3-90E2-EAA080129375}.SingleImage|Any CPU.ActiveCfg = Release|Any CPU
		{C864C1E7-AD3C-42C3-90E2-EAA080129375}.SingleImage|Any CPU.Build.0 = Release|Any CPU
		{3D29239D-F2A1-4478-81E9-17BEFF1CCA91}.CD_ROM|Any CPU.ActiveCfg = Release|Any CPU
		{3D29239D-F2A1-4478-81E9-17BEFF1CCA91}.CD_ROM|Any CPU.Build.0 = Release|Any CPU
		{3D29239D-F2A1-4478-81E9-17BEFF1CCA91}.Debug|Any CPU.ActiveCfg = Debug|Any CPU
		{3D29239D-F2A1-4478-81E9-17BEFF1CCA91}.Debug|Any CPU.Build.0 = Debug|Any CPU
		{3D29239D-F2A1-4478-81E9-17BEFF1CCA91}.DVD-5|Any CPU.ActiveCfg = Debug|Any CPU
		{3D29239D-F2A1-4478-81E9-17BEFF1CCA91}.DVD-5|Any CPU.Build.0 = Debug|Any CPU
		{3D29239D-F2A1-4478-81E9-17BEFF1CCA91}.Release|Any CPU.ActiveCfg = Release|Any CPU
		{3D29239D-F2A1-4478-81E9-17BEFF1CCA91}.Release|Any CPU.Build.0 = Release|Any CPU
		{3D29239D-F2A1-4478-81E9-17BEFF1CCA91}.SingleImage|Any CPU.ActiveCfg = Release|Any CPU
		{3D29239D-F2A1-4478-81E9-17BEFF1CCA91}.SingleImage|Any CPU.Build.0 = Release|Any CPU
		{ED424F01-7551-49A1-90FD-1F96DD4E4C0F}.CD_ROM|Any CPU.ActiveCfg = CD_ROM
		{ED424F01-7551-49A1-90FD-1F96DD4E4C0F}.CD_ROM|Any CPU.Build.0 = CD_ROM
		{ED424F01-7551-49A1-90FD-1F96DD4E4C0F}.Debug|Any CPU.ActiveCfg = SingleImage
		{ED424F01-7551-49A1-90FD-1F96DD4E4C0F}.DVD-5|Any CPU.ActiveCfg = DVD-5
		{ED424F01-7551-49A1-90FD-1F96DD4E4C0F}.DVD-5|Any CPU.Build.0 = DVD-5
		{ED424F01-7551-49A1-90FD-1F96DD4E4C0F}.Release|Any CPU.ActiveCfg = SingleImage
		{ED424F01-7551-49A1-90FD-1F96DD4E4C0F}.Release|Any CPU.Build.0 = SingleImage
		{ED424F01-7551-49A1-90FD-1F96DD4E4C0F}.SingleImage|Any CPU.ActiveCfg = SingleImage
		{ED424F01-7551-49A1-90FD-1F96DD4E4C0F}.SingleImage|Any CPU.Build.0 = SingleImage
		{027C91A0-2E9F-421E-ACBF-BD9CE6DA3209}.CD_ROM|Any CPU.ActiveCfg = Release|Any CPU
		{027C91A0-2E9F-421E-ACBF-BD9CE6DA3209}.CD_ROM|Any CPU.Build.0 = Release|Any CPU
		{027C91A0-2E9F-421E-ACBF-BD9CE6DA3209}.Debug|Any CPU.ActiveCfg = Debug|Any CPU
		{027C91A0-2E9F-421E-ACBF-BD9CE6DA3209}.Debug|Any CPU.Build.0 = Debug|Any CPU
		{027C91A0-2E9F-421E-ACBF-BD9CE6DA3209}.DVD-5|Any CPU.ActiveCfg = Debug|Any CPU
		{027C91A0-2E9F-421E-ACBF-BD9CE6DA3209}.DVD-5|Any CPU.Build.0 = Debug|Any CPU
		{027C91A0-2E9F-421E-ACBF-BD9CE6DA3209}.Release|Any CPU.ActiveCfg = Release|Any CPU
		{027C91A0-2E9F-421E-ACBF-BD9CE6DA3209}.Release|Any CPU.Build.0 = Release|Any CPU
		{027C91A0-2E9F-421E-ACBF-BD9CE6DA3209}.SingleImage|Any CPU.ActiveCfg = Release|Any CPU
		{027C91A0-2E9F-421E-ACBF-BD9CE6DA3209}.SingleImage|Any CPU.Build.0 = Release|Any CPU
		{230EBA33-46BE-4CCE-A98D-C49A99C5DE17}.CD_ROM|Any CPU.ActiveCfg = Release|Any CPU
		{230EBA33-46BE-4CCE-A98D-C49A99C5DE17}.CD_ROM|Any CPU.Build.0 = Release|Any CPU
		{230EBA33-46BE-4CCE-A98D-C49A99C5DE17}.Debug|Any CPU.ActiveCfg = Debug|Any CPU
		{230EBA33-46BE-4CCE-A98D-C49A99C5DE17}.Debug|Any CPU.Build.0 = Debug|Any CPU
		{230EBA33-46BE-4CCE-A98D-C49A99C5DE17}.DVD-5|Any CPU.ActiveCfg = Debug|Any CPU
		{230EBA33-46BE-4CCE-A98D-C49A99C5DE17}.DVD-5|Any CPU.Build.0 = Debug|Any CPU
		{230EBA33-46BE-4CCE-A98D-C49A99C5DE17}.Release|Any CPU.ActiveCfg = Release|Any CPU
		{230EBA33-46BE-4CCE-A98D-C49A99C5DE17}.Release|Any CPU.Build.0 = Release|Any CPU
		{230EBA33-46BE-4CCE-A98D-C49A99C5DE17}.SingleImage|Any CPU.ActiveCfg = Release|Any CPU
		{230EBA33-46BE-4CCE-A98D-C49A99C5DE17}.SingleImage|Any CPU.Build.0 = Release|Any CPU
		{C5A04C46-909F-482A-B784-6E9170F1C37D}.CD_ROM|Any CPU.ActiveCfg = Release|Any CPU
		{C5A04C46-909F-482A-B784-6E9170F1C37D}.CD_ROM|Any CPU.Build.0 = Release|Any CPU
		{C5A04C46-909F-482A-B784-6E9170F1C37D}.Debug|Any CPU.ActiveCfg = Debug|Any CPU
		{C5A04C46-909F-482A-B784-6E9170F1C37D}.Debug|Any CPU.Build.0 = Debug|Any CPU
		{C5A04C46-909F-482A-B784-6E9170F1C37D}.DVD-5|Any CPU.ActiveCfg = Debug|Any CPU
		{C5A04C46-909F-482A-B784-6E9170F1C37D}.DVD-5|Any CPU.Build.0 = Debug|Any CPU
		{C5A04C46-909F-482A-B784-6E9170F1C37D}.Release|Any CPU.ActiveCfg = Release|Any CPU
		{C5A04C46-909F-482A-B784-6E9170F1C37D}.Release|Any CPU.Build.0 = Release|Any CPU
		{C5A04C46-909F-482A-B784-6E9170F1C37D}.SingleImage|Any CPU.ActiveCfg = Release|Any CPU
		{C5A04C46-909F-482A-B784-6E9170F1C37D}.SingleImage|Any CPU.Build.0 = Release|Any CPU
		{9C792B40-76C2-41C0-8E14-A3C3A8560455}.CD_ROM|Any CPU.ActiveCfg = Release|Any CPU
		{9C792B40-76C2-41C0-8E14-A3C3A8560455}.CD_ROM|Any CPU.Build.0 = Release|Any CPU
		{9C792B40-76C2-41C0-8E14-A3C3A8560455}.Debug|Any CPU.ActiveCfg = Debug|Any CPU
		{9C792B40-76C2-41C0-8E14-A3C3A8560455}.Debug|Any CPU.Build.0 = Debug|Any CPU
		{9C792B40-76C2-41C0-8E14-A3C3A8560455}.DVD-5|Any CPU.ActiveCfg = Debug|Any CPU
		{9C792B40-76C2-41C0-8E14-A3C3A8560455}.DVD-5|Any CPU.Build.0 = Debug|Any CPU
		{9C792B40-76C2-41C0-8E14-A3C3A8560455}.Release|Any CPU.ActiveCfg = Release|Any CPU
		{9C792B40-76C2-41C0-8E14-A3C3A8560455}.Release|Any CPU.Build.0 = Release|Any CPU
		{9C792B40-76C2-41C0-8E14-A3C3A8560455}.SingleImage|Any CPU.ActiveCfg = Release|Any CPU
		{9C792B40-76C2-41C0-8E14-A3C3A8560455}.SingleImage|Any CPU.Build.0 = Release|Any CPU
		{96AF88D2-5C6C-48E0-88B5-D8D7EA77CFE8}.CD_ROM|Any CPU.ActiveCfg = Release|Any CPU
		{96AF88D2-5C6C-48E0-88B5-D8D7EA77CFE8}.CD_ROM|Any CPU.Build.0 = Release|Any CPU
		{96AF88D2-5C6C-48E0-88B5-D8D7EA77CFE8}.Debug|Any CPU.ActiveCfg = Debug|Any CPU
		{96AF88D2-5C6C-48E0-88B5-D8D7EA77CFE8}.Debug|Any CPU.Build.0 = Debug|Any CPU
		{96AF88D2-5C6C-48E0-88B5-D8D7EA77CFE8}.DVD-5|Any CPU.ActiveCfg = Debug|Any CPU
		{96AF88D2-5C6C-48E0-88B5-D8D7EA77CFE8}.DVD-5|Any CPU.Build.0 = Debug|Any CPU
		{96AF88D2-5C6C-48E0-88B5-D8D7EA77CFE8}.Release|Any CPU.ActiveCfg = Release|Any CPU
		{96AF88D2-5C6C-48E0-88B5-D8D7EA77CFE8}.Release|Any CPU.Build.0 = Release|Any CPU
		{96AF88D2-5C6C-48E0-88B5-D8D7EA77CFE8}.SingleImage|Any CPU.ActiveCfg = Release|Any CPU
		{96AF88D2-5C6C-48E0-88B5-D8D7EA77CFE8}.SingleImage|Any CPU.Build.0 = Release|Any CPU
		{6232FE9D-C8C9-4346-9D60-541560371578}.CD_ROM|Any CPU.ActiveCfg = Release|Any CPU
		{6232FE9D-C8C9-4346-9D60-541560371578}.CD_ROM|Any CPU.Build.0 = Release|Any CPU
		{6232FE9D-C8C9-4346-9D60-541560371578}.Debug|Any CPU.ActiveCfg = Debug|Any CPU
		{6232FE9D-C8C9-4346-9D60-541560371578}.Debug|Any CPU.Build.0 = Debug|Any CPU
		{6232FE9D-C8C9-4346-9D60-541560371578}.DVD-5|Any CPU.ActiveCfg = Debug|Any CPU
		{6232FE9D-C8C9-4346-9D60-541560371578}.DVD-5|Any CPU.Build.0 = Debug|Any CPU
		{6232FE9D-C8C9-4346-9D60-541560371578}.Release|Any CPU.ActiveCfg = Release|Any CPU
		{6232FE9D-C8C9-4346-9D60-541560371578}.Release|Any CPU.Build.0 = Release|Any CPU
		{6232FE9D-C8C9-4346-9D60-541560371578}.SingleImage|Any CPU.ActiveCfg = Release|Any CPU
		{6232FE9D-C8C9-4346-9D60-541560371578}.SingleImage|Any CPU.Build.0 = Release|Any CPU
	EndGlobalSection
	GlobalSection(SolutionProperties) = preSolution
		HideSolutionNode = FALSE
	EndGlobalSection
	GlobalSection(Performance) = preSolution
		HasPerformanceSessions = true
	EndGlobalSection
EndGlobal
